
Microsoft Visual Studio Solution File, Format Version 12.00
# Visual Studio Version 17
VisualStudioVersion = 17.0.31903.59
MinimumVisualStudioVersion = 10.0.40219.1
Project("{2150E333-8FDC-42A3-9474-1A3956D46DE8}") = "src", "src", "{B52DCAD3-0682-45D2-8FFB-E06DABBB7914}"
EndProject
Project("{FAE04EC0-301F-11D3-BF4B-00C04F79EFBC}") = "TaskManagementSystem.Application", "src\TaskManagementSystem.Application\TaskManagementSystem.Application.csproj", "{FE6EAB7B-A194-4FE3-8CDB-17040103DE28}"
EndProject
Project("{FAE04EC0-301F-11D3-BF4B-00C04F79EFBC}") = "TaskManagementSystem.Domain", "src\TaskManagementSystem.Domain\TaskManagementSystem.Domain.csproj", "{4A2ADA0F-4500-4E0E-AC1D-C25D5043186A}"
EndProject
Project("{FAE04EC0-301F-11D3-BF4B-00C04F79EFBC}") = "TaskManagementSystem.Infrastructure", "src\TaskManagementSystem.Infrastructure\TaskManagementSystem.Infrastructure.csproj", "{5E7AC196-3668-4417-8957-D9D40A5AFDE3}"
EndProject
Project("{FAE04EC0-301F-11D3-BF4B-00C04F79EFBC}") = "TaskManagementSystem.WebApi", "src\TaskManagementSystem.WebApi\TaskManagementSystem.WebApi.csproj", "{0DC4BF10-40AC-4B97-9177-FB1992A49442}"
EndProject
Global
	GlobalSection(SolutionConfigurationPlatforms) = preSolution
		Debug|Any CPU = Debug|Any CPU
		Release|Any CPU = Release|Any CPU
	EndGlobalSection
	GlobalSection(SolutionProperties) = preSolution
		HideSolutionNode = FALSE
	EndGlobalSection
	GlobalSection(ProjectConfigurationPlatforms) = postSolution
		{FE6EAB7B-A194-4FE3-8CDB-17040103DE28}.Debug|Any CPU.ActiveCfg = Debug|Any CPU
		{FE6EAB7B-A194-4FE3-8CDB-17040103DE28}.Debug|Any CPU.Build.0 = Debug|Any CPU
		{FE6EAB7B-A194-4FE3-8CDB-17040103DE28}.Release|Any CPU.ActiveCfg = Release|Any CPU
		{FE6EAB7B-A194-4FE3-8CDB-17040103DE28}.Release|Any CPU.Build.0 = Release|Any CPU
		{4A2ADA0F-4500-4E0E-AC1D-C25D5043186A}.Debug|Any CPU.ActiveCfg = Debug|Any CPU
		{4A2ADA0F-4500-4E0E-AC1D-C25D5043186A}.Debug|Any CPU.Build.0 = Debug|Any CPU
		{4A2ADA0F-4500-4E0E-AC1D-C25D5043186A}.Release|Any CPU.ActiveCfg = Release|Any CPU
		{4A2ADA0F-4500-4E0E-AC1D-C25D5043186A}.Release|Any CPU.Build.0 = Release|Any CPU
		{5E7AC196-3668-4417-8957-D9D40A5AFDE3}.Debug|Any CPU.ActiveCfg = Debug|Any CPU
		{5E7AC196-3668-4417-8957-D9D40A5AFDE3}.Debug|Any CPU.Build.0 = Debug|Any CPU
		{5E7AC196-3668-4417-8957-D9D40A5AFDE3}.Release|Any CPU.ActiveCfg = Release|Any CPU
		{5E7AC196-3668-4417-8957-D9D40A5AFDE3}.Release|Any CPU.Build.0 = Release|Any CPU
		{0DC4BF10-40AC-4B97-9177-FB1992A49442}.Debug|Any CPU.ActiveCfg = Debug|Any CPU
		{0DC4BF10-40AC-4B97-9177-FB1992A49442}.Debug|Any CPU.Build.0 = Debug|Any CPU
		{0DC4BF10-40AC-4B97-9177-FB1992A49442}.Release|Any CPU.ActiveCfg = Release|Any CPU
		{0DC4BF10-40AC-4B97-9177-FB1992A49442}.Release|Any CPU.Build.0 = Release|Any CPU
	EndGlobalSection
	GlobalSection(NestedProjects) = preSolution
		{FE6EAB7B-A194-4FE3-8CDB-17040103DE28} = {B52DCAD3-0682-45D2-8FFB-E06DABBB7914}
		{4A2ADA0F-4500-4E0E-AC1D-C25D5043186A} = {B52DCAD3-0682-45D2-8FFB-E06DABBB7914}
		{5E7AC196-3668-4417-8957-D9D40A5AFDE3} = {B52DCAD3-0682-45D2-8FFB-E06DABBB7914}
		{0DC4BF10-40AC-4B97-9177-FB1992A49442} = {B52DCAD3-0682-45D2-8FFB-E06DABBB7914}
	EndGlobalSection
EndGlobal
